
Microsoft Visual Studio Solution File, Format Version 12.00
# Visual Studio Version 16
VisualStudioVersion = 16.0.31205.134
MinimumVisualStudioVersion = 10.0.40219.1
Project("{9A19103F-16F7-4668-BE54-9A1E7A4F7556}") = "Revalsys Exam Portal", "Revalsys Exam Portal\Revalsys Exam Portal.csproj", "{717FC5A3-1C22-4715-985A-9D226E753E28}"
EndProject
Project("{9A19103F-16F7-4668-BE54-9A1E7A4F7556}") = "RevalsysRepoLibrary", "RevalsysRepoLibrary\RevalsysRepoLibrary.csproj", "{E78A82FF-2C7A-46C2-8EE5-EA26E3EED604}"
EndProject
Project("{9A19103F-16F7-4668-BE54-9A1E7A4F7556}") = "Revalsys Data Library", "Revalsys Data Library\Revalsys Data Library.csproj", "{C0A22E81-EC22-40DC-926B-F8828407BF13}"
EndProject
Global
	GlobalSection(SolutionConfigurationPlatforms) = preSolution
		Debug|Any CPU = Debug|Any CPU
		Release|Any CPU = Release|Any CPU
	EndGlobalSection
	GlobalSection(ProjectConfigurationPlatforms) = postSolution
		{717FC5A3-1C22-4715-985A-9D226E753E28}.Debug|Any CPU.ActiveCfg = Debug|Any CPU
		{717FC5A3-1C22-4715-985A-9D226E753E28}.Debug|Any CPU.Build.0 = Debug|Any CPU
		{717FC5A3-1C22-4715-985A-9D226E753E28}.Release|Any CPU.ActiveCfg = Release|Any CPU
		{717FC5A3-1C22-4715-985A-9D226E753E28}.Release|Any CPU.Build.0 = Release|Any CPU
		{E78A82FF-2C7A-46C2-8EE5-EA26E3EED604}.Debug|Any CPU.ActiveCfg = Debug|Any CPU
		{E78A82FF-2C7A-46C2-8EE5-EA26E3EED604}.Debug|Any CPU.Build.0 = Debug|Any CPU
		{E78A82FF-2C7A-46C2-8EE5-EA26E3EED604}.Release|Any CPU.ActiveCfg = Release|Any CPU
		{E78A82FF-2C7A-46C2-8EE5-EA26E3EED604}.Release|Any CPU.Build.0 = Release|Any CPU
		{C0A22E81-EC22-40DC-926B-F8828407BF13}.Debug|Any CPU.ActiveCfg = Debug|Any CPU
		{C0A22E81-EC22-40DC-926B-F8828407BF13}.Debug|Any CPU.Build.0 = Debug|Any CPU
		{C0A22E81-EC22-40DC-926B-F8828407BF13}.Release|Any CPU.ActiveCfg = Release|Any CPU
		{C0A22E81-EC22-40DC-926B-F8828407BF13}.Release|Any CPU.Build.0 = Release|Any CPU
	EndGlobalSection
	GlobalSection(SolutionProperties) = preSolution
		HideSolutionNode = FALSE
	EndGlobalSection
	GlobalSection(ExtensibilityGlobals) = postSolution
		SolutionGuid = {0E9E201B-5CBB-4BB2-933F-B1E7B1710B83}
	EndGlobalSection
EndGlobal
